
Microsoft Visual Studio Solution File, Format Version 12.00
# Visual Studio Version 17
VisualStudioVersion = 17.7.34031.279
MinimumVisualStudioVersion = 10.0.40219.1
Project("{9A19103F-16F7-4668-BE54-9A1E7A4F7556}") = "2022_01_Robin", "2022\2022_01_Robin\2022_01_Robin.csproj", "{A1876093-4B08-4F29-8994-C7998583FC20}"
EndProject
Project("{9A19103F-16F7-4668-BE54-9A1E7A4F7556}") = "2022_01_Roger", "2022\2022_01_Roger\2022_01_Roger.csproj", "{F652A2C6-8AC9-4D71-935E-C835D6D9EF89}"
EndProject
Project("{9A19103F-16F7-4668-BE54-9A1E7A4F7556}") = "2022_02_Robin", "2022\2022_02_Robin\2022_02_Robin.csproj", "{5B349D53-082C-4D0C-9D69-74B2D7B456D2}"
EndProject
Project("{9A19103F-16F7-4668-BE54-9A1E7A4F7556}") = "2022_02_Roger", "2022\2022_02_Roger\2022_02_Roger.csproj", "{5C54079F-1A68-4EA7-90E8-0E8454623AEF}"
EndProject
Project("{2150E333-8FDC-42A3-9474-1A3956D46DE8}") = "2022", "2022", "{617D5C43-F654-4A51-96B5-A295E244BC41}"
EndProject
Project("{2150E333-8FDC-42A3-9474-1A3956D46DE8}") = "2023", "2023", "{C9761AB8-5602-4B9F-9219-5945C3969EB4}"
EndProject
Project("{9A19103F-16F7-4668-BE54-9A1E7A4F7556}") = "2023_01_Roger", "2023\2023_01_Roger\2023_01_Roger.csproj", "{AAD15303-5BA4-47A9-8905-2C4D5A247C1B}"
EndProject
Project("{9A19103F-16F7-4668-BE54-9A1E7A4F7556}") = "2022_03_Roger", "2022\2022_03_Roger\2022_03_Roger.csproj", "{D2B86514-050C-4BAB-94DB-1CC3C25B63DD}"
EndProject
Project("{2150E333-8FDC-42A3-9474-1A3956D46DE8}") = "2021", "2021", "{5EA330BA-59DE-420F-ABA4-E29F6C385911}"
EndProject
Project("{9A19103F-16F7-4668-BE54-9A1E7A4F7556}") = "2021_01_Roger", "2021\2021_01_Roger\2021_01_Roger.csproj", "{09705288-5F67-4618-BD39-6A2D16172B38}"
EndProject
Project("{9A19103F-16F7-4668-BE54-9A1E7A4F7556}") = "2021_02_Roger", "2021\2021_02_Roger\2021_02_Roger.csproj", "{FA27E140-96C6-4977-BA3F-56BA61F85FE6}"
EndProject
Project("{9A19103F-16F7-4668-BE54-9A1E7A4F7556}") = "2021_03_Roger", "2021\2021_03_Roger\2021_03_Roger.csproj", "{235522E0-86C6-421A-B711-3BBBD29F0173}"
EndProject
Project("{FAE04EC0-301F-11D3-BF4B-00C04F79EFBC}") = "2022_10_Roger", "2022\2022_10_Roger\2022_10_Roger.csproj", "{1EB75CF5-0FD1-49C3-8957-A44CFA683F3C}"
EndProject
Global
	GlobalSection(SolutionConfigurationPlatforms) = preSolution
		Debug|Any CPU = Debug|Any CPU
		Release|Any CPU = Release|Any CPU
	EndGlobalSection
	GlobalSection(ProjectConfigurationPlatforms) = postSolution
		{A1876093-4B08-4F29-8994-C7998583FC20}.Debug|Any CPU.ActiveCfg = Debug|Any CPU
		{A1876093-4B08-4F29-8994-C7998583FC20}.Debug|Any CPU.Build.0 = Debug|Any CPU
		{A1876093-4B08-4F29-8994-C7998583FC20}.Release|Any CPU.ActiveCfg = Release|Any CPU
		{A1876093-4B08-4F29-8994-C7998583FC20}.Release|Any CPU.Build.0 = Release|Any CPU
		{F652A2C6-8AC9-4D71-935E-C835D6D9EF89}.Debug|Any CPU.ActiveCfg = Debug|Any CPU
		{F652A2C6-8AC9-4D71-935E-C835D6D9EF89}.Debug|Any CPU.Build.0 = Debug|Any CPU
		{F652A2C6-8AC9-4D71-935E-C835D6D9EF89}.Release|Any CPU.ActiveCfg = Release|Any CPU
		{F652A2C6-8AC9-4D71-935E-C835D6D9EF89}.Release|Any CPU.Build.0 = Release|Any CPU
		{5B349D53-082C-4D0C-9D69-74B2D7B456D2}.Debug|Any CPU.ActiveCfg = Debug|Any CPU
		{5B349D53-082C-4D0C-9D69-74B2D7B456D2}.Debug|Any CPU.Build.0 = Debug|Any CPU
		{5B349D53-082C-4D0C-9D69-74B2D7B456D2}.Release|Any CPU.ActiveCfg = Release|Any CPU
		{5B349D53-082C-4D0C-9D69-74B2D7B456D2}.Release|Any CPU.Build.0 = Release|Any CPU
		{5C54079F-1A68-4EA7-90E8-0E8454623AEF}.Debug|Any CPU.ActiveCfg = Debug|Any CPU
		{5C54079F-1A68-4EA7-90E8-0E8454623AEF}.Debug|Any CPU.Build.0 = Debug|Any CPU
		{5C54079F-1A68-4EA7-90E8-0E8454623AEF}.Release|Any CPU.ActiveCfg = Release|Any CPU
		{5C54079F-1A68-4EA7-90E8-0E8454623AEF}.Release|Any CPU.Build.0 = Release|Any CPU
		{AAD15303-5BA4-47A9-8905-2C4D5A247C1B}.Debug|Any CPU.ActiveCfg = Debug|Any CPU
		{AAD15303-5BA4-47A9-8905-2C4D5A247C1B}.Debug|Any CPU.Build.0 = Debug|Any CPU
		{AAD15303-5BA4-47A9-8905-2C4D5A247C1B}.Release|Any CPU.ActiveCfg = Release|Any CPU
		{AAD15303-5BA4-47A9-8905-2C4D5A247C1B}.Release|Any CPU.Build.0 = Release|Any CPU
		{D2B86514-050C-4BAB-94DB-1CC3C25B63DD}.Debug|Any CPU.ActiveCfg = Debug|Any CPU
		{D2B86514-050C-4BAB-94DB-1CC3C25B63DD}.Debug|Any CPU.Build.0 = Debug|Any CPU
		{D2B86514-050C-4BAB-94DB-1CC3C25B63DD}.Release|Any CPU.ActiveCfg = Release|Any CPU
		{D2B86514-050C-4BAB-94DB-1CC3C25B63DD}.Release|Any CPU.Build.0 = Release|Any CPU
		{09705288-5F67-4618-BD39-6A2D16172B38}.Debug|Any CPU.ActiveCfg = Debug|Any CPU
		{09705288-5F67-4618-BD39-6A2D16172B38}.Debug|Any CPU.Build.0 = Debug|Any CPU
		{09705288-5F67-4618-BD39-6A2D16172B38}.Release|Any CPU.ActiveCfg = Release|Any CPU
		{09705288-5F67-4618-BD39-6A2D16172B38}.Release|Any CPU.Build.0 = Release|Any CPU
		{FA27E140-96C6-4977-BA3F-56BA61F85FE6}.Debug|Any CPU.ActiveCfg = Debug|Any CPU
		{FA27E140-96C6-4977-BA3F-56BA61F85FE6}.Debug|Any CPU.Build.0 = Debug|Any CPU
		{FA27E140-96C6-4977-BA3F-56BA61F85FE6}.Release|Any CPU.ActiveCfg = Release|Any CPU
		{FA27E140-96C6-4977-BA3F-56BA61F85FE6}.Release|Any CPU.Build.0 = Release|Any CPU
		{235522E0-86C6-421A-B711-3BBBD29F0173}.Debug|Any CPU.ActiveCfg = Debug|Any CPU
		{235522E0-86C6-421A-B711-3BBBD29F0173}.Debug|Any CPU.Build.0 = Debug|Any CPU
		{235522E0-86C6-421A-B711-3BBBD29F0173}.Release|Any CPU.ActiveCfg = Release|Any CPU
		{235522E0-86C6-421A-B711-3BBBD29F0173}.Release|Any CPU.Build.0 = Release|Any CPU
		{1EB75CF5-0FD1-49C3-8957-A44CFA683F3C}.Debug|Any CPU.ActiveCfg = Debug|Any CPU
		{1EB75CF5-0FD1-49C3-8957-A44CFA683F3C}.Debug|Any CPU.Build.0 = Debug|Any CPU
		{1EB75CF5-0FD1-49C3-8957-A44CFA683F3C}.Release|Any CPU.ActiveCfg = Release|Any CPU
		{1EB75CF5-0FD1-49C3-8957-A44CFA683F3C}.Release|Any CPU.Build.0 = Release|Any CPU
	EndGlobalSection
	GlobalSection(SolutionProperties) = preSolution
		HideSolutionNode = FALSE
	EndGlobalSection
	GlobalSection(NestedProjects) = preSolution
		{A1876093-4B08-4F29-8994-C7998583FC20} = {617D5C43-F654-4A51-96B5-A295E244BC41}
		{F652A2C6-8AC9-4D71-935E-C835D6D9EF89} = {617D5C43-F654-4A51-96B5-A295E244BC41}
		{5B349D53-082C-4D0C-9D69-74B2D7B456D2} = {617D5C43-F654-4A51-96B5-A295E244BC41}
		{5C54079F-1A68-4EA7-90E8-0E8454623AEF} = {617D5C43-F654-4A51-96B5-A295E244BC41}
		{AAD15303-5BA4-47A9-8905-2C4D5A247C1B} = {C9761AB8-5602-4B9F-9219-5945C3969EB4}
		{D2B86514-050C-4BAB-94DB-1CC3C25B63DD} = {617D5C43-F654-4A51-96B5-A295E244BC41}
		{09705288-5F67-4618-BD39-6A2D16172B38} = {5EA330BA-59DE-420F-ABA4-E29F6C385911}
		{FA27E140-96C6-4977-BA3F-56BA61F85FE6} = {5EA330BA-59DE-420F-ABA4-E29F6C385911}
		{235522E0-86C6-421A-B711-3BBBD29F0173} = {5EA330BA-59DE-420F-ABA4-E29F6C385911}
		{1EB75CF5-0FD1-49C3-8957-A44CFA683F3C} = {617D5C43-F654-4A51-96B5-A295E244BC41}
	EndGlobalSection
	GlobalSection(ExtensibilityGlobals) = postSolution
		SolutionGuid = {360D69B8-A888-4834-B831-DA745B58972D}
	EndGlobalSection
EndGlobal
