
Microsoft Visual Studio Solution File, Format Version 12.00
# Visual Studio Version 17
VisualStudioVersion = 17.7.34031.279
MinimumVisualStudioVersion = 10.0.40219.1
Project("{9A19103F-16F7-4668-BE54-9A1E7A4F7556}") = "2022_01_Robin", "2022\2022_01_Robin\2022_01_Robin.csproj", "{A1876093-4B08-4F29-8994-C7998583FC20}"
EndProject
Project("{FAE04EC0-301F-11D3-BF4B-00C04F79EFBC}") = "2022_01_Roger", "2022\2022_01_Roger\2022_01_Roger.csproj", "{F652A2C6-8AC9-4D71-935E-C835D6D9EF89}"
EndProject
Project("{9A19103F-16F7-4668-BE54-9A1E7A4F7556}") = "2022_02_Robin", "2022\2022_02_Robin\2022_02_Robin.csproj", "{5B349D53-082C-4D0C-9D69-74B2D7B456D2}"
EndProject
Global
	GlobalSection(SolutionConfigurationPlatforms) = preSolution
		Debug|Any CPU = Debug|Any CPU
		Release|Any CPU = Release|Any CPU
	EndGlobalSection
	GlobalSection(ProjectConfigurationPlatforms) = postSolution
		{A1876093-4B08-4F29-8994-C7998583FC20}.Debug|Any CPU.ActiveCfg = Debug|Any CPU
		{A1876093-4B08-4F29-8994-C7998583FC20}.Debug|Any CPU.Build.0 = Debug|Any CPU
		{A1876093-4B08-4F29-8994-C7998583FC20}.Release|Any CPU.ActiveCfg = Release|Any CPU
		{A1876093-4B08-4F29-8994-C7998583FC20}.Release|Any CPU.Build.0 = Release|Any CPU
		{F652A2C6-8AC9-4D71-935E-C835D6D9EF89}.Debug|Any CPU.ActiveCfg = Debug|Any CPU
		{F652A2C6-8AC9-4D71-935E-C835D6D9EF89}.Debug|Any CPU.Build.0 = Debug|Any CPU
		{F652A2C6-8AC9-4D71-935E-C835D6D9EF89}.Release|Any CPU.ActiveCfg = Release|Any CPU
		{F652A2C6-8AC9-4D71-935E-C835D6D9EF89}.Release|Any CPU.Build.0 = Release|Any CPU
		{5B349D53-082C-4D0C-9D69-74B2D7B456D2}.Debug|Any CPU.ActiveCfg = Debug|Any CPU
		{5B349D53-082C-4D0C-9D69-74B2D7B456D2}.Debug|Any CPU.Build.0 = Debug|Any CPU
		{5B349D53-082C-4D0C-9D69-74B2D7B456D2}.Release|Any CPU.ActiveCfg = Release|Any CPU
		{5B349D53-082C-4D0C-9D69-74B2D7B456D2}.Release|Any CPU.Build.0 = Release|Any CPU
	EndGlobalSection
	GlobalSection(SolutionProperties) = preSolution
		HideSolutionNode = FALSE
	EndGlobalSection
	GlobalSection(ExtensibilityGlobals) = postSolution
		SolutionGuid = {360D69B8-A888-4834-B831-DA745B58972D}
	EndGlobalSection
EndGlobal
